
Microsoft Visual Studio Solution File, Format Version 12.00
# Visual Studio 15
VisualStudioVersion = 15.0.26124.0
MinimumVisualStudioVersion = 15.0.26124.0
Project("{FAE04EC0-301F-11D3-BF4B-00C04F79EFBC}") = "Domain", "Domain\Domain.csproj", "{94791DCA-02B0-4106-A6D0-F7993B5C0523}"
EndProject
Project("{FAE04EC0-301F-11D3-BF4B-00C04F79EFBC}") = "Application", "Application\Application.csproj", "{C1EB659D-5F59-41AD-8B5C-CFB0024F06B6}"
EndProject
Project("{FAE04EC0-301F-11D3-BF4B-00C04F79EFBC}") = "Persistence", "Persistence\Persistence.csproj", "{7121EE70-BF90-4C68-8C09-05FEAD95185B}"
EndProject
Project("{FAE04EC0-301F-11D3-BF4B-00C04F79EFBC}") = "API", "API\API.csproj", "{0F726AA1-48F6-4D7E-9B13-43E54180D9C7}"
EndProject
Project("{FAE04EC0-301F-11D3-BF4B-00C04F79EFBC}") = "Infrastructure", "Infrastructure\Infrastructure.csproj", "{E2BFA1A5-8DA2-4600-AB57-12768AD1CA28}"
EndProject
Global
	GlobalSection(SolutionConfigurationPlatforms) = preSolution
		Debug|Any CPU = Debug|Any CPU
		Debug|x64 = Debug|x64
		Debug|x86 = Debug|x86
		Release|Any CPU = Release|Any CPU
		Release|x64 = Release|x64
		Release|x86 = Release|x86
	EndGlobalSection
	GlobalSection(SolutionProperties) = preSolution
		HideSolutionNode = FALSE
	EndGlobalSection
	GlobalSection(ProjectConfigurationPlatforms) = postSolution
		{94791DCA-02B0-4106-A6D0-F7993B5C0523}.Debug|Any CPU.ActiveCfg = Debug|Any CPU
		{94791DCA-02B0-4106-A6D0-F7993B5C0523}.Debug|Any CPU.Build.0 = Debug|Any CPU
		{94791DCA-02B0-4106-A6D0-F7993B5C0523}.Debug|x64.ActiveCfg = Debug|Any CPU
		{94791DCA-02B0-4106-A6D0-F7993B5C0523}.Debug|x64.Build.0 = Debug|Any CPU
		{94791DCA-02B0-4106-A6D0-F7993B5C0523}.Debug|x86.ActiveCfg = Debug|Any CPU
		{94791DCA-02B0-4106-A6D0-F7993B5C0523}.Debug|x86.Build.0 = Debug|Any CPU
		{94791DCA-02B0-4106-A6D0-F7993B5C0523}.Release|Any CPU.ActiveCfg = Release|Any CPU
		{94791DCA-02B0-4106-A6D0-F7993B5C0523}.Release|Any CPU.Build.0 = Release|Any CPU
		{94791DCA-02B0-4106-A6D0-F7993B5C0523}.Release|x64.ActiveCfg = Release|Any CPU
		{94791DCA-02B0-4106-A6D0-F7993B5C0523}.Release|x64.Build.0 = Release|Any CPU
		{94791DCA-02B0-4106-A6D0-F7993B5C0523}.Release|x86.ActiveCfg = Release|Any CPU
		{94791DCA-02B0-4106-A6D0-F7993B5C0523}.Release|x86.Build.0 = Release|Any CPU
		{C1EB659D-5F59-41AD-8B5C-CFB0024F06B6}.Debug|Any CPU.ActiveCfg = Debug|Any CPU
		{C1EB659D-5F59-41AD-8B5C-CFB0024F06B6}.Debug|Any CPU.Build.0 = Debug|Any CPU
		{C1EB659D-5F59-41AD-8B5C-CFB0024F06B6}.Debug|x64.ActiveCfg = Debug|Any CPU
		{C1EB659D-5F59-41AD-8B5C-CFB0024F06B6}.Debug|x64.Build.0 = Debug|Any CPU
		{C1EB659D-5F59-41AD-8B5C-CFB0024F06B6}.Debug|x86.ActiveCfg = Debug|Any CPU
		{C1EB659D-5F59-41AD-8B5C-CFB0024F06B6}.Debug|x86.Build.0 = Debug|Any CPU
		{C1EB659D-5F59-41AD-8B5C-CFB0024F06B6}.Release|Any CPU.ActiveCfg = Release|Any CPU
		{C1EB659D-5F59-41AD-8B5C-CFB0024F06B6}.Release|Any CPU.Build.0 = Release|Any CPU
		{C1EB659D-5F59-41AD-8B5C-CFB0024F06B6}.Release|x64.ActiveCfg = Release|Any CPU
		{C1EB659D-5F59-41AD-8B5C-CFB0024F06B6}.Release|x64.Build.0 = Release|Any CPU
		{C1EB659D-5F59-41AD-8B5C-CFB0024F06B6}.Release|x86.ActiveCfg = Release|Any CPU
		{C1EB659D-5F59-41AD-8B5C-CFB0024F06B6}.Release|x86.Build.0 = Release|Any CPU
		{7121EE70-BF90-4C68-8C09-05FEAD95185B}.Debug|Any CPU.ActiveCfg = Debug|Any CPU
		{7121EE70-BF90-4C68-8C09-05FEAD95185B}.Debug|Any CPU.Build.0 = Debug|Any CPU
		{7121EE70-BF90-4C68-8C09-05FEAD95185B}.Debug|x64.ActiveCfg = Debug|Any CPU
		{7121EE70-BF90-4C68-8C09-05FEAD95185B}.Debug|x64.Build.0 = Debug|Any CPU
		{7121EE70-BF90-4C68-8C09-05FEAD95185B}.Debug|x86.ActiveCfg = Debug|Any CPU
		{7121EE70-BF90-4C68-8C09-05FEAD95185B}.Debug|x86.Build.0 = Debug|Any CPU
		{7121EE70-BF90-4C68-8C09-05FEAD95185B}.Release|Any CPU.ActiveCfg = Release|Any CPU
		{7121EE70-BF90-4C68-8C09-05FEAD95185B}.Release|Any CPU.Build.0 = Release|Any CPU
		{7121EE70-BF90-4C68-8C09-05FEAD95185B}.Release|x64.ActiveCfg = Release|Any CPU
		{7121EE70-BF90-4C68-8C09-05FEAD95185B}.Release|x64.Build.0 = Release|Any CPU
		{7121EE70-BF90-4C68-8C09-05FEAD95185B}.Release|x86.ActiveCfg = Release|Any CPU
		{7121EE70-BF90-4C68-8C09-05FEAD95185B}.Release|x86.Build.0 = Release|Any CPU
		{0F726AA1-48F6-4D7E-9B13-43E54180D9C7}.Debug|Any CPU.ActiveCfg = Debug|Any CPU
		{0F726AA1-48F6-4D7E-9B13-43E54180D9C7}.Debug|Any CPU.Build.0 = Debug|Any CPU
		{0F726AA1-48F6-4D7E-9B13-43E54180D9C7}.Debug|x64.ActiveCfg = Debug|Any CPU
		{0F726AA1-48F6-4D7E-9B13-43E54180D9C7}.Debug|x64.Build.0 = Debug|Any CPU
		{0F726AA1-48F6-4D7E-9B13-43E54180D9C7}.Debug|x86.ActiveCfg = Debug|Any CPU
		{0F726AA1-48F6-4D7E-9B13-43E54180D9C7}.Debug|x86.Build.0 = Debug|Any CPU
		{0F726AA1-48F6-4D7E-9B13-43E54180D9C7}.Release|Any CPU.ActiveCfg = Release|Any CPU
		{0F726AA1-48F6-4D7E-9B13-43E54180D9C7}.Release|Any CPU.Build.0 = Release|Any CPU
		{0F726AA1-48F6-4D7E-9B13-43E54180D9C7}.Release|x64.ActiveCfg = Release|Any CPU
		{0F726AA1-48F6-4D7E-9B13-43E54180D9C7}.Release|x64.Build.0 = Release|Any CPU
		{0F726AA1-48F6-4D7E-9B13-43E54180D9C7}.Release|x86.ActiveCfg = Release|Any CPU
		{0F726AA1-48F6-4D7E-9B13-43E54180D9C7}.Release|x86.Build.0 = Release|Any CPU
		{E2BFA1A5-8DA2-4600-AB57-12768AD1CA28}.Debug|Any CPU.ActiveCfg = Debug|Any CPU
		{E2BFA1A5-8DA2-4600-AB57-12768AD1CA28}.Debug|Any CPU.Build.0 = Debug|Any CPU
		{E2BFA1A5-8DA2-4600-AB57-12768AD1CA28}.Debug|x64.ActiveCfg = Debug|Any CPU
		{E2BFA1A5-8DA2-4600-AB57-12768AD1CA28}.Debug|x64.Build.0 = Debug|Any CPU
		{E2BFA1A5-8DA2-4600-AB57-12768AD1CA28}.Debug|x86.ActiveCfg = Debug|Any CPU
		{E2BFA1A5-8DA2-4600-AB57-12768AD1CA28}.Debug|x86.Build.0 = Debug|Any CPU
		{E2BFA1A5-8DA2-4600-AB57-12768AD1CA28}.Release|Any CPU.ActiveCfg = Release|Any CPU
		{E2BFA1A5-8DA2-4600-AB57-12768AD1CA28}.Release|Any CPU.Build.0 = Release|Any CPU
		{E2BFA1A5-8DA2-4600-AB57-12768AD1CA28}.Release|x64.ActiveCfg = Release|Any CPU
		{E2BFA1A5-8DA2-4600-AB57-12768AD1CA28}.Release|x64.Build.0 = Release|Any CPU
		{E2BFA1A5-8DA2-4600-AB57-12768AD1CA28}.Release|x86.ActiveCfg = Release|Any CPU
		{E2BFA1A5-8DA2-4600-AB57-12768AD1CA28}.Release|x86.Build.0 = Release|Any CPU
	EndGlobalSection
EndGlobal
